
Microsoft Visual Studio Solution File, Format Version 12.00
# Visual Studio Version 16
VisualStudioVersion = 16.0.30406.217
MinimumVisualStudioVersion = 10.0.40219.1
Project("{FAE04EC0-301F-11D3-BF4B-00C04F79EFBC}") = "ZZQ.EFProject", "ZZQ.EFProject.csproj", "{492D858D-1332-48A3-9119-4AC920711677}"
EndProject
Project("{FAE04EC0-301F-11D3-BF4B-00C04F79EFBC}") = "Model", "..\Model\Model.csproj", "{82D8A923-2770-469A-B035-B15B8C6A72AB}"
EndProject
Project("{FAE04EC0-301F-11D3-BF4B-00C04F79EFBC}") = "EF.CORE.ORACLE", "..\EF.CORE.ORACLE\EF.CORE.ORACLE.csproj", "{2CFDA399-1A77-4396-A554-7B55E7B615E8}"
EndProject
Global
	GlobalSection(SolutionConfigurationPlatforms) = preSolution
		Debug|Any CPU = Debug|Any CPU
		Release|Any CPU = Release|Any CPU
	EndGlobalSection
	GlobalSection(ProjectConfigurationPlatforms) = postSolution
		{492D858D-1332-48A3-9119-4AC920711677}.Debug|Any CPU.ActiveCfg = Debug|Any CPU
		{492D858D-1332-48A3-9119-4AC920711677}.Debug|Any CPU.Build.0 = Debug|Any CPU
		{492D858D-1332-48A3-9119-4AC920711677}.Release|Any CPU.ActiveCfg = Release|Any CPU
		{492D858D-1332-48A3-9119-4AC920711677}.Release|Any CPU.Build.0 = Release|Any CPU
		{82D8A923-2770-469A-B035-B15B8C6A72AB}.Debug|Any CPU.ActiveCfg = Debug|Any CPU
		{82D8A923-2770-469A-B035-B15B8C6A72AB}.Debug|Any CPU.Build.0 = Debug|Any CPU
		{82D8A923-2770-469A-B035-B15B8C6A72AB}.Release|Any CPU.ActiveCfg = Release|Any CPU
		{82D8A923-2770-469A-B035-B15B8C6A72AB}.Release|Any CPU.Build.0 = Release|Any CPU
		{2CFDA399-1A77-4396-A554-7B55E7B615E8}.Debug|Any CPU.ActiveCfg = Debug|Any CPU
		{2CFDA399-1A77-4396-A554-7B55E7B615E8}.Debug|Any CPU.Build.0 = Debug|Any CPU
		{2CFDA399-1A77-4396-A554-7B55E7B615E8}.Release|Any CPU.ActiveCfg = Release|Any CPU
		{2CFDA399-1A77-4396-A554-7B55E7B615E8}.Release|Any CPU.Build.0 = Release|Any CPU
	EndGlobalSection
	GlobalSection(SolutionProperties) = preSolution
		HideSolutionNode = FALSE
	EndGlobalSection
	GlobalSection(ExtensibilityGlobals) = postSolution
		SolutionGuid = {C130A7CF-961B-48B1-A9E5-A0DC3551E886}
	EndGlobalSection
EndGlobal
